// !$*UTF8*$!
{
	archiveVersion = 1;
	classes = {
	};
	objectVersion = 48;
	objects = {

/* Begin PBXBuildFile section */
		54447AA62063F381001631E0 /* VkAPI.swift in Sources */ = {isa = PBXBuildFile; fileRef = 54447AA52063F381001631E0 /* VkAPI.swift */; };
		54447AAD206404C2001631E0 /* FriendsList.storyboard in Resources */ = {isa = PBXBuildFile; fileRef = 54447AAC206404C2001631E0 /* FriendsList.storyboard */; };
		54447AAF20643FB4001631E0 /* Extension.swift in Sources */ = {isa = PBXBuildFile; fileRef = 54447AAE20643FB4001631E0 /* Extension.swift */; };
		54447AB120645DCD001631E0 /* AuthVK.storyboard in Resources */ = {isa = PBXBuildFile; fileRef = 54447AB020645DCD001631E0 /* AuthVK.storyboard */; };
		54447AB320645E05001631E0 /* AuthVKController.swift in Sources */ = {isa = PBXBuildFile; fileRef = 54447AB220645E05001631E0 /* AuthVKController.swift */; };
		54447AB52064653A001631E0 /* FriendsListController.swift in Sources */ = {isa = PBXBuildFile; fileRef = 54447AB42064653A001631E0 /* FriendsListController.swift */; };
		54447AB82064662C001631E0 /* FriendsTableViewCell.swift in Sources */ = {isa = PBXBuildFile; fileRef = 54447AB72064662C001631E0 /* FriendsTableViewCell.swift */; };
		54447ABA20646966001631E0 /* FriendsListNavigationController.swift in Sources */ = {isa = PBXBuildFile; fileRef = 54447AB920646966001631E0 /* FriendsListNavigationController.swift */; };
		54447ABC20646C75001631E0 /* Profile.storyboard in Resources */ = {isa = PBXBuildFile; fileRef = 54447ABB20646C75001631E0 /* Profile.storyboard */; };
		54447ABE20646CDA001631E0 /* Profile.swift in Sources */ = {isa = PBXBuildFile; fileRef = 54447ABD20646CDA001631E0 /* Profile.swift */; };
		54447AC020646D92001631E0 /* VkParser.swift in Sources */ = {isa = PBXBuildFile; fileRef = 54447ABF20646D92001631E0 /* VkParser.swift */; };
		54447AC22064D74B001631E0 /* LoginErrorParser.swift in Sources */ = {isa = PBXBuildFile; fileRef = 54447AC12064D74B001631E0 /* LoginErrorParser.swift */; };
		54A940A02063ADF400C77796 /* AppDelegate.swift in Sources */ = {isa = PBXBuildFile; fileRef = 54A9409F2063ADF400C77796 /* AppDelegate.swift */; };
		54A940A22063ADF400C77796 /* ViewController.swift in Sources */ = {isa = PBXBuildFile; fileRef = 54A940A12063ADF400C77796 /* ViewController.swift */; };
		54A940A52063ADF400C77796 /* Main.storyboard in Resources */ = {isa = PBXBuildFile; fileRef = 54A940A32063ADF400C77796 /* Main.storyboard */; };
		54A940A72063ADF400C77796 /* Assets.xcassets in Resources */ = {isa = PBXBuildFile; fileRef = 54A940A62063ADF400C77796 /* Assets.xcassets */; };
		54A940AA2063ADF400C77796 /* LaunchScreen.storyboard in Resources */ = {isa = PBXBuildFile; fileRef = 54A940A82063ADF400C77796 /* LaunchScreen.storyboard */; };
		54A940B22063B12400C77796 /* RequestSender.swift in Sources */ = {isa = PBXBuildFile; fileRef = 54A940B12063B12400C77796 /* RequestSender.swift */; };
/* End PBXBuildFile section */

/* Begin PBXFileReference section */
		54447AA52063F381001631E0 /* VkAPI.swift */ = {isa = PBXFileReference; lastKnownFileType = sourcecode.swift; path = VkAPI.swift; sourceTree = "<group>"; };
		54447AAC206404C2001631E0 /* FriendsList.storyboard */ = {isa = PBXFileReference; lastKnownFileType = file.storyboard; path = FriendsList.storyboard; sourceTree = "<group>"; };
		54447AAE20643FB4001631E0 /* Extension.swift */ = {isa = PBXFileReference; lastKnownFileType = sourcecode.swift; path = Extension.swift; sourceTree = "<group>"; };
		54447AB020645DCD001631E0 /* AuthVK.storyboard */ = {isa = PBXFileReference; lastKnownFileType = file.storyboard; path = AuthVK.storyboard; sourceTree = "<group>"; };
		54447AB220645E05001631E0 /* AuthVKController.swift */ = {isa = PBXFileReference; lastKnownFileType = sourcecode.swift; path = AuthVKController.swift; sourceTree = "<group>"; };
		54447AB42064653A001631E0 /* FriendsListController.swift */ = {isa = PBXFileReference; lastKnownFileType = sourcecode.swift; path = FriendsListController.swift; sourceTree = "<group>"; };
		54447AB72064662C001631E0 /* FriendsTableViewCell.swift */ = {isa = PBXFileReference; lastKnownFileType = sourcecode.swift; path = FriendsTableViewCell.swift; sourceTree = "<group>"; };
		54447AB920646966001631E0 /* FriendsListNavigationController.swift */ = {isa = PBXFileReference; lastKnownFileType = sourcecode.swift; path = FriendsListNavigationController.swift; sourceTree = "<group>"; };
		54447ABB20646C75001631E0 /* Profile.storyboard */ = {isa = PBXFileReference; lastKnownFileType = file.storyboard; path = Profile.storyboard; sourceTree = "<group>"; };
		54447ABD20646CDA001631E0 /* Profile.swift */ = {isa = PBXFileReference; lastKnownFileType = sourcecode.swift; path = Profile.swift; sourceTree = "<group>"; };
		54447ABF20646D92001631E0 /* VkParser.swift */ = {isa = PBXFileReference; lastKnownFileType = sourcecode.swift; path = VkParser.swift; sourceTree = "<group>"; };
		54447AC12064D74B001631E0 /* LoginErrorParser.swift */ = {isa = PBXFileReference; lastKnownFileType = sourcecode.swift; path = LoginErrorParser.swift; sourceTree = "<group>"; };
		54A9409C2063ADF400C77796 /* vkPhoto.app */ = {isa = PBXFileReference; explicitFileType = wrapper.application; includeInIndex = 0; path = vkPhoto.app; sourceTree = BUILT_PRODUCTS_DIR; };
		54A9409F2063ADF400C77796 /* AppDelegate.swift */ = {isa = PBXFileReference; lastKnownFileType = sourcecode.swift; path = AppDelegate.swift; sourceTree = "<group>"; };
		54A940A12063ADF400C77796 /* ViewController.swift */ = {isa = PBXFileReference; lastKnownFileType = sourcecode.swift; path = ViewController.swift; sourceTree = "<group>"; };
		54A940A42063ADF400C77796 /* Base */ = {isa = PBXFileReference; lastKnownFileType = file.storyboard; name = Base; path = Base.lproj/Main.storyboard; sourceTree = "<group>"; };
		54A940A62063ADF400C77796 /* Assets.xcassets */ = {isa = PBXFileReference; lastKnownFileType = folder.assetcatalog; path = Assets.xcassets; sourceTree = "<group>"; };
		54A940A92063ADF400C77796 /* Base */ = {isa = PBXFileReference; lastKnownFileType = file.storyboard; name = Base; path = Base.lproj/LaunchScreen.storyboard; sourceTree = "<group>"; };
		54A940AB2063ADF400C77796 /* Info.plist */ = {isa = PBXFileReference; lastKnownFileType = text.plist.xml; path = Info.plist; sourceTree = "<group>"; };
		54A940B12063B12400C77796 /* RequestSender.swift */ = {isa = PBXFileReference; lastKnownFileType = sourcecode.swift; path = RequestSender.swift; sourceTree = "<group>"; };
/* End PBXFileReference section */

/* Begin PBXFrameworksBuildPhase section */
		54A940992063ADF400C77796 /* Frameworks */ = {
			isa = PBXFrameworksBuildPhase;
			buildActionMask = 2147483647;
			files = (
			);
			runOnlyForDeploymentPostprocessing = 0;
		};
/* End PBXFrameworksBuildPhase section */

/* Begin PBXGroup section */
		54447AAB20640499001631E0 /* SB */ = {
			isa = PBXGroup;
			children = (
				54447AB020645DCD001631E0 /* AuthVK.storyboard */,
				54A940A32063ADF400C77796 /* Main.storyboard */,
				54447AAC206404C2001631E0 /* FriendsList.storyboard */,
				54447ABB20646C75001631E0 /* Profile.storyboard */,
			);
			path = SB;
			sourceTree = "<group>";
		};
		54447AB620646543001631E0 /* VC */ = {
			isa = PBXGroup;
			children = (
				54447AB920646966001631E0 /* FriendsListNavigationController.swift */,
				54447AB220645E05001631E0 /* AuthVKController.swift */,
				54A940A12063ADF400C77796 /* ViewController.swift */,
				54447AB42064653A001631E0 /* FriendsListController.swift */,
				54447AB72064662C001631E0 /* FriendsTableViewCell.swift */,
			);
			path = VC;
			sourceTree = "<group>";
		};
		54A940932063ADF400C77796 = {
			isa = PBXGroup;
			children = (
				54A9409E2063ADF400C77796 /* vkPhoto */,
				54A9409D2063ADF400C77796 /* Products */,
			);
			sourceTree = "<group>";
		};
		54A9409D2063ADF400C77796 /* Products */ = {
			isa = PBXGroup;
			children = (
				54A9409C2063ADF400C77796 /* vkPhoto.app */,
			);
			name = Products;
			sourceTree = "<group>";
		};
		54A9409E2063ADF400C77796 /* vkPhoto */ = {
			isa = PBXGroup;
			children = (
				54A9409F2063ADF400C77796 /* AppDelegate.swift */,
				54447AAE20643FB4001631E0 /* Extension.swift */,
				54447AA52063F381001631E0 /* VkAPI.swift */,
				54447ABD20646CDA001631E0 /* Profile.swift */,
				54A940B12063B12400C77796 /* RequestSender.swift */,
				54447ABF20646D92001631E0 /* VkParser.swift */,
				54447AC12064D74B001631E0 /* LoginErrorParser.swift */,
				54447AB620646543001631E0 /* VC */,
				54447AAB20640499001631E0 /* SB */,
				54A940A62063ADF400C77796 /* Assets.xcassets */,
				54A940A82063ADF400C77796 /* LaunchScreen.storyboard */,
				54A940AB2063ADF400C77796 /* Info.plist */,
			);
			path = vkPhoto;
			sourceTree = "<group>";
		};
/* End PBXGroup section */

/* Begin PBXNativeTarget section */
		54A9409B2063ADF400C77796 /* vkPhoto */ = {
			isa = PBXNativeTarget;
			buildConfigurationList = 54A940AE2063ADF400C77796 /* Build configuration list for PBXNativeTarget "vkPhoto" */;
			buildPhases = (
				54A940982063ADF400C77796 /* Sources */,
				54A940992063ADF400C77796 /* Frameworks */,
				54A9409A2063ADF400C77796 /* Resources */,
			);
			buildRules = (
			);
			dependencies = (
			);
			name = vkPhoto;
			productName = vkPhoto;
			productReference = 54A9409C2063ADF400C77796 /* vkPhoto.app */;
			productType = "com.apple.product-type.application";
		};
/* End PBXNativeTarget section */

/* Begin PBXProject section */
		54A940942063ADF400C77796 /* Project object */ = {
			isa = PBXProject;
			attributes = {
				LastSwiftUpdateCheck = 0920;
				LastUpgradeCheck = 0920;
				ORGANIZATIONNAME = Semyon;
				TargetAttributes = {
					54A9409B2063ADF400C77796 = {
						CreatedOnToolsVersion = 9.2;
						ProvisioningStyle = Automatic;
					};
				};
			};
			buildConfigurationList = 54A940972063ADF400C77796 /* Build configuration list for PBXProject "vkPhoto" */;
			compatibilityVersion = "Xcode 8.0";
			developmentRegion = en;
			hasScannedForEncodings = 0;
			knownRegions = (
				en,
				Base,
			);
			mainGroup = 54A940932063ADF400C77796;
			productRefGroup = 54A9409D2063ADF400C77796 /* Products */;
			projectDirPath = "";
			projectRoot = "";
			targets = (
				54A9409B2063ADF400C77796 /* vkPhoto */,
			);
		};
/* End PBXProject section */

/* Begin PBXResourcesBuildPhase section */
		54A9409A2063ADF400C77796 /* Resources */ = {
			isa = PBXResourcesBuildPhase;
			buildActionMask = 2147483647;
			files = (
				54447ABC20646C75001631E0 /* Profile.storyboard in Resources */,
				54A940AA2063ADF400C77796 /* LaunchScreen.storyboard in Resources */,
				54A940A72063ADF400C77796 /* Assets.xcassets in Resources */,
				54447AAD206404C2001631E0 /* FriendsList.storyboard in Resources */,
				54A940A52063ADF400C77796 /* Main.storyboard in Resources */,
				54447AB120645DCD001631E0 /* AuthVK.storyboard in Resources */,
			);
			runOnlyForDeploymentPostprocessing = 0;
		};
/* End PBXResourcesBuildPhase section */

/* Begin PBXSourcesBuildPhase section */
		54A940982063ADF400C77796 /* Sources */ = {
			isa = PBXSourcesBuildPhase;
			buildActionMask = 2147483647;
			files = (
				54447ABA20646966001631E0 /* FriendsListNavigationController.swift in Sources */,
				54447AC020646D92001631E0 /* VkParser.swift in Sources */,
				54447ABE20646CDA001631E0 /* Profile.swift in Sources */,
				54A940A22063ADF400C77796 /* ViewController.swift in Sources */,
				54447AB52064653A001631E0 /* FriendsListController.swift in Sources */,
				54447AC22064D74B001631E0 /* LoginErrorParser.swift in Sources */,
				54447AAF20643FB4001631E0 /* Extension.swift in Sources */,
				54447AB82064662C001631E0 /* FriendsTableViewCell.swift in Sources */,
				54447AA62063F381001631E0 /* VkAPI.swift in Sources */,
				54A940A02063ADF400C77796 /* AppDelegate.swift in Sources */,
				54447AB320645E05001631E0 /* AuthVKController.swift in Sources */,
				54A940B22063B12400C77796 /* RequestSender.swift in Sources */,
			);
			runOnlyForDeploymentPostprocessing = 0;
		};
/* End PBXSourcesBuildPhase section */

/* Begin PBXVariantGroup section */
		54A940A32063ADF400C77796 /* Main.storyboard */ = {
			isa = PBXVariantGroup;
			children = (
				54A940A42063ADF400C77796 /* Base */,
			);
			name = Main.storyboard;
			sourceTree = "<group>";
		};
		54A940A82063ADF400C77796 /* LaunchScreen.storyboard */ = {
			isa = PBXVariantGroup;
			children = (
				54A940A92063ADF400C77796 /* Base */,
			);
			name = LaunchScreen.storyboard;
			sourceTree = "<group>";
		};
/* End PBXVariantGroup section */

/* Begin XCBuildConfiguration section */
		54A940AC2063ADF400C77796 /* Debug */ = {
			isa = XCBuildConfiguration;
			buildSettings = {
				ALWAYS_SEARCH_USER_PATHS = NO;
				CLANG_ANALYZER_NONNULL = YES;
				CLANG_ANALYZER_NUMBER_OBJECT_CONVERSION = YES_AGGRESSIVE;
				CLANG_CXX_LANGUAGE_STANDARD = "gnu++14";
				CLANG_CXX_LIBRARY = "libc++";
				CLANG_ENABLE_MODULES = YES;
				CLANG_ENABLE_OBJC_ARC = YES;
				CLANG_WARN_BLOCK_CAPTURE_AUTORELEASING = YES;
				CLANG_WARN_BOOL_CONVERSION = YES;
				CLANG_WARN_COMMA = YES;
				CLANG_WARN_CONSTANT_CONVERSION = YES;
				CLANG_WARN_DIRECT_OBJC_ISA_USAGE = YES_ERROR;
				CLANG_WARN_DOCUMENTATION_COMMENTS = YES;
				CLANG_WARN_EMPTY_BODY = YES;
				CLANG_WARN_ENUM_CONVERSION = YES;
				CLANG_WARN_INFINITE_RECURSION = YES;
				CLANG_WARN_INT_CONVERSION = YES;
				CLANG_WARN_NON_LITERAL_NULL_CONVERSION = YES;
				CLANG_WARN_OBJC_LITERAL_CONVERSION = YES;
				CLANG_WARN_OBJC_ROOT_CLASS = YES_ERROR;
				CLANG_WARN_RANGE_LOOP_ANALYSIS = YES;
				CLANG_WARN_STRICT_PROTOTYPES = YES;
				CLANG_WARN_SUSPICIOUS_MOVE = YES;
				CLANG_WARN_UNGUARDED_AVAILABILITY = YES_AGGRESSIVE;
				CLANG_WARN_UNREACHABLE_CODE = YES;
				CLANG_WARN__DUPLICATE_METHOD_MATCH = YES;
				CODE_SIGN_IDENTITY = "iPhone Developer";
				COPY_PHASE_STRIP = NO;
				DEBUG_INFORMATION_FORMAT = dwarf;
				ENABLE_STRICT_OBJC_MSGSEND = YES;
				ENABLE_TESTABILITY = YES;
				GCC_C_LANGUAGE_STANDARD = gnu11;
				GCC_DYNAMIC_NO_PIC = NO;
				GCC_NO_COMMON_BLOCKS = YES;
				GCC_OPTIMIZATION_LEVEL = 0;
				GCC_PREPROCESSOR_DEFINITIONS = (
					"DEBUG=1",
					"$(inherited)",
				);
				GCC_WARN_64_TO_32_BIT_CONVERSION = YES;
				GCC_WARN_ABOUT_RETURN_TYPE = YES_ERROR;
				GCC_WARN_UNDECLARED_SELECTOR = YES;
				GCC_WARN_UNINITIALIZED_AUTOS = YES_AGGRESSIVE;
				GCC_WARN_UNUSED_FUNCTION = YES;
				GCC_WARN_UNUSED_VARIABLE = YES;
				IPHONEOS_DEPLOYMENT_TARGET = 11.2;
				MTL_ENABLE_DEBUG_INFO = YES;
				ONLY_ACTIVE_ARCH = YES;
				SDKROOT = iphoneos;
				SWIFT_ACTIVE_COMPILATION_CONDITIONS = DEBUG;
				SWIFT_OPTIMIZATION_LEVEL = "-Onone";
			};
			name = Debug;
		};
		54A940AD2063ADF400C77796 /* Release */ = {
			isa = XCBuildConfiguration;
			buildSettings = {
				ALWAYS_SEARCH_USER_PATHS = NO;
				CLANG_ANALYZER_NONNULL = YES;
				CLANG_ANALYZER_NUMBER_OBJECT_CONVERSION = YES_AGGRESSIVE;
				CLANG_CXX_LANGUAGE_STANDARD = "gnu++14";
				CLANG_CXX_LIBRARY = "libc++";
				CLANG_ENABLE_MODULES = YES;
				CLANG_ENABLE_OBJC_ARC = YES;
				CLANG_WARN_BLOCK_CAPTURE_AUTORELEASING = YES;
				CLANG_WARN_BOOL_CONVERSION = YES;
				CLANG_WARN_COMMA = YES;
				CLANG_WARN_CONSTANT_CONVERSION = YES;
				CLANG_WARN_DIRECT_OBJC_ISA_USAGE = YES_ERROR;
				CLANG_WARN_DOCUMENTATION_COMMENTS = YES;
				CLANG_WARN_EMPTY_BODY = YES;
				CLANG_WARN_ENUM_CONVERSION = YES;
				CLANG_WARN_INFINITE_RECURSION = YES;
				CLANG_WARN_INT_CONVERSION = YES;
				CLANG_WARN_NON_LITERAL_NULL_CONVERSION = YES;
				CLANG_WARN_OBJC_LITERAL_CONVERSION = YES;
				CLANG_WARN_OBJC_ROOT_CLASS = YES_ERROR;
				CLANG_WARN_RANGE_LOOP_ANALYSIS = YES;
				CLANG_WARN_STRICT_PROTOTYPES = YES;
				CLANG_WARN_SUSPICIOUS_MOVE = YES;
				CLANG_WARN_UNGUARDED_AVAILABILITY = YES_AGGRESSIVE;
				CLANG_WARN_UNREACHABLE_CODE = YES;
				CLANG_WARN__DUPLICATE_METHOD_MATCH = YES;
				CODE_SIGN_IDENTITY = "iPhone Developer";
				COPY_PHASE_STRIP = NO;
				DEBUG_INFORMATION_FORMAT = "dwarf-with-dsym";
				ENABLE_NS_ASSERTIONS = NO;
				ENABLE_STRICT_OBJC_MSGSEND = YES;
				GCC_C_LANGUAGE_STANDARD = gnu11;
				GCC_NO_COMMON_BLOCKS = YES;
				GCC_WARN_64_TO_32_BIT_CONVERSION = YES;
				GCC_WARN_ABOUT_RETURN_TYPE = YES_ERROR;
				GCC_WARN_UNDECLARED_SELECTOR = YES;
				GCC_WARN_UNINITIALIZED_AUTOS = YES_AGGRESSIVE;
				GCC_WARN_UNUSED_FUNCTION = YES;
				GCC_WARN_UNUSED_VARIABLE = YES;
				IPHONEOS_DEPLOYMENT_TARGET = 11.2;
				MTL_ENABLE_DEBUG_INFO = NO;
				SDKROOT = iphoneos;
				SWIFT_OPTIMIZATION_LEVEL = "-Owholemodule";
				VALIDATE_PRODUCT = YES;
			};
			name = Release;
		};
		54A940AF2063ADF400C77796 /* Debug */ = {
			isa = XCBuildConfiguration;
			buildSettings = {
				ASSETCATALOG_COMPILER_APPICON_NAME = AppIcon;
				CODE_SIGN_STYLE = Automatic;
				DEVELOPMENT_TEAM = W2H48J22L4;
				INFOPLIST_FILE = vkPhoto/Info.plist;
				LD_RUNPATH_SEARCH_PATHS = "$(inherited) @executable_path/Frameworks";
				PRODUCT_BUNDLE_IDENTIFIER = ru.Semyon.vkPhoto;
				PRODUCT_NAME = "$(TARGET_NAME)";
				SWIFT_VERSION = 4.0;
				TARGETED_DEVICE_FAMILY = "1,2";
			};
			name = Debug;
		};
		54A940B02063ADF400C77796 /* Release */ = {
			isa = XCBuildConfiguration;
			buildSettings = {
				ASSETCATALOG_COMPILER_APPICON_NAME = AppIcon;
				CODE_SIGN_STYLE = Automatic;
				DEVELOPMENT_TEAM = W2H48J22L4;
				INFOPLIST_FILE = vkPhoto/Info.plist;
				LD_RUNPATH_SEARCH_PATHS = "$(inherited) @executable_path/Frameworks";
				PRODUCT_BUNDLE_IDENTIFIER = ru.Semyon.vkPhoto;
				PRODUCT_NAME = "$(TARGET_NAME)";
				SWIFT_VERSION = 4.0;
				TARGETED_DEVICE_FAMILY = "1,2";
			};
			name = Release;
		};
/* End XCBuildConfiguration section */

/* Begin XCConfigurationList section */
		54A940972063ADF400C77796 /* Build configuration list for PBXProject "vkPhoto" */ = {
			isa = XCConfigurationList;
			buildConfigurations = (
				54A940AC2063ADF400C77796 /* Debug */,
				54A940AD2063ADF400C77796 /* Release */,
			);
			defaultConfigurationIsVisible = 0;
			defaultConfigurationName = Release;
		};
		54A940AE2063ADF400C77796 /* Build configuration list for PBXNativeTarget "vkPhoto" */ = {
			isa = XCConfigurationList;
			buildConfigurations = (
				54A940AF2063ADF400C77796 /* Debug */,
				54A940B02063ADF400C77796 /* Release */,
			);
			defaultConfigurationIsVisible = 0;
			defaultConfigurationName = Release;
		};
/* End XCConfigurationList section */
	};
	rootObject = 54A940942063ADF400C77796 /* Project object */;
}
